
Microsoft Visual Studio Solution File, Format Version 12.00
# Visual Studio Version 17
VisualStudioVersion = 17.2.32630.192
MinimumVisualStudioVersion = 10.0.40219.1
Project("{FAE04EC0-301F-11D3-BF4B-00C04F79EFBC}") = "CityInfo.Api", "CityInfo.Api\CityInfo.Api.csproj", "{64ACEBF2-6D74-4AC4-BCA8-4818842C7AB5}"
EndProject
Global
	GlobalSection(SolutionConfigurationPlatforms) = preSolution
		Debug|Any CPU = Debug|Any CPU
		Release|Any CPU = Release|Any CPU
	EndGlobalSection
	GlobalSection(ProjectConfigurationPlatforms) = postSolution
		{64ACEBF2-6D74-4AC4-BCA8-4818842C7AB5}.Debug|Any CPU.ActiveCfg = Debug|Any CPU
		{64ACEBF2-6D74-4AC4-BCA8-4818842C7AB5}.Debug|Any CPU.Build.0 = Debug|Any CPU
		{64ACEBF2-6D74-4AC4-BCA8-4818842C7AB5}.Release|Any CPU.ActiveCfg = Release|Any CPU
		{64ACEBF2-6D74-4AC4-BCA8-4818842C7AB5}.Release|Any CPU.Build.0 = Release|Any CPU
	EndGlobalSection
	GlobalSection(SolutionProperties) = preSolution
		HideSolutionNode = FALSE
	EndGlobalSection
	GlobalSection(ExtensibilityGlobals) = postSolution
		SolutionGuid = {75E03F39-29A2-4ABB-91CC-7B0BCAD1D6B4}
	EndGlobalSection
EndGlobal
